
Microsoft Visual Studio Solution File, Format Version 12.00
# Visual Studio Version 17
VisualStudioVersion = 17.0.31903.59
MinimumVisualStudioVersion = 10.0.40219.1
Project("{2150E333-8FDC-42A3-9474-1A3956D46DE8}") = "src", "src", "{B9EC4E2E-90B5-499A-9B77-CE42F0658FC2}"
EndProject
Project("{2150E333-8FDC-42A3-9474-1A3956D46DE8}") = "Core", "Core", "{7CADA5B6-132B-4807-B6AB-D477A74F9ADF}"
EndProject
Project("{FAE04EC0-301F-11D3-BF4B-00C04F79EFBC}") = "Domic.Common", "src\Core\Domic.Common\Domic.Common.csproj", "{7EC9FADE-86F7-41D8-A0B4-B88D875974DB}"
EndProject
Project("{FAE04EC0-301F-11D3-BF4B-00C04F79EFBC}") = "Domic.Domain", "src\Core\Domic.Domain\Domic.Domain.csproj", "{78144906-1235-4B47-A9C8-B345F76BE416}"
EndProject
Project("{FAE04EC0-301F-11D3-BF4B-00C04F79EFBC}") = "Domic.UseCase", "src\Core\Domic.UseCase\Domic.UseCase.csproj", "{2D219FD9-9CEA-46BC-AEB3-D5CE54B8E057}"
EndProject
Project("{2150E333-8FDC-42A3-9474-1A3956D46DE8}") = "Infrastructure", "Infrastructure", "{604193CC-D70C-4C63-80E2-3ADDA23E23F1}"
EndProject
Project("{FAE04EC0-301F-11D3-BF4B-00C04F79EFBC}") = "Domic.Infrastructure", "src\Infrastructure\Domic.Infrastructure\Domic.Infrastructure.csproj", "{3D8F322E-973B-44B7-9960-DC6460AFA60F}"
EndProject
Project("{FAE04EC0-301F-11D3-BF4B-00C04F79EFBC}") = "Domic.Persistence", "src\Infrastructure\Domic.Persistence\Domic.Persistence.csproj", "{DA23C863-CA87-4588-8348-24C0371F8528}"
EndProject
Project("{2150E333-8FDC-42A3-9474-1A3956D46DE8}") = "Presentation", "Presentation", "{E7B6486D-504C-452A-A3DE-87BDD6141C12}"
EndProject
Project("{FAE04EC0-301F-11D3-BF4B-00C04F79EFBC}") = "Domic.WebAPI", "src\Presentation\Domic.WebAPI\Domic.WebAPI.csproj", "{C755EDB1-5372-420A-BB8D-9C6AFBBA655B}"
EndProject
Project("{2150E333-8FDC-42A3-9474-1A3956D46DE8}") = "test", "test", "{45E89D21-7C28-45E5-B7A6-92A5D3957538}"
EndProject
Project("{2150E333-8FDC-42A3-9474-1A3956D46DE8}") = "E2ETests", "E2ETests", "{52B3B427-D0B7-4E6B-8C59-55FBE900767C}"
EndProject
Project("{2150E333-8FDC-42A3-9474-1A3956D46DE8}") = "IntegrationTests", "IntegrationTests", "{A2B4661E-64B6-49A6-9763-20E0B0B128CD}"
EndProject
Project("{FAE04EC0-301F-11D3-BF4B-00C04F79EFBC}") = "Infrastructure", "test\IntegrationTests\Infrastructure\Infrastructure.csproj", "{90662B86-AB25-4492-9B1D-E77C295AC529}"
EndProject
Project("{FAE04EC0-301F-11D3-BF4B-00C04F79EFBC}") = "Presentation", "test\IntegrationTests\Presentation\Presentation.csproj", "{A5A785C7-59F8-4120-8811-2BE40B38CC97}"
EndProject
Project("{2150E333-8FDC-42A3-9474-1A3956D46DE8}") = "UnitTests", "UnitTests", "{04287BF1-0A00-4D9D-B99F-11A0A582E2DD}"
EndProject
Project("{FAE04EC0-301F-11D3-BF4B-00C04F79EFBC}") = "Core", "test\UnitTests\Core\Core.csproj", "{98412E08-B939-439F-A3E3-7E85441E013D}"
EndProject
Project("{FAE04EC0-301F-11D3-BF4B-00C04F79EFBC}") = "Infrastructure", "test\UnitTests\Infrastructure\Infrastructure.csproj", "{DF1BED9D-8FB5-4ACE-B68A-545E6D681D6E}"
EndProject
Project("{FAE04EC0-301F-11D3-BF4B-00C04F79EFBC}") = "Presentation", "test\UnitTests\Presentation\Presentation.csproj", "{44293659-4DE3-40D8-9089-5D1C1912AAFE}"
EndProject
Project("{FAE04EC0-301F-11D3-BF4B-00C04F79EFBC}") = "Presentation", "test\E2ETests\Presentation\Presentation.csproj", "{97E8F5B0-FB5B-42B4-90B3-67895E979B5E}"
EndProject
Global
	GlobalSection(SolutionConfigurationPlatforms) = preSolution
		Debug|Any CPU = Debug|Any CPU
		Release|Any CPU = Release|Any CPU
	EndGlobalSection
	GlobalSection(SolutionProperties) = preSolution
		HideSolutionNode = FALSE
	EndGlobalSection
	GlobalSection(ProjectConfigurationPlatforms) = postSolution
		{7EC9FADE-86F7-41D8-A0B4-B88D875974DB}.Debug|Any CPU.ActiveCfg = Debug|Any CPU
		{7EC9FADE-86F7-41D8-A0B4-B88D875974DB}.Debug|Any CPU.Build.0 = Debug|Any CPU
		{7EC9FADE-86F7-41D8-A0B4-B88D875974DB}.Release|Any CPU.ActiveCfg = Release|Any CPU
		{7EC9FADE-86F7-41D8-A0B4-B88D875974DB}.Release|Any CPU.Build.0 = Release|Any CPU
		{78144906-1235-4B47-A9C8-B345F76BE416}.Debug|Any CPU.ActiveCfg = Debug|Any CPU
		{78144906-1235-4B47-A9C8-B345F76BE416}.Debug|Any CPU.Build.0 = Debug|Any CPU
		{78144906-1235-4B47-A9C8-B345F76BE416}.Release|Any CPU.ActiveCfg = Release|Any CPU
		{78144906-1235-4B47-A9C8-B345F76BE416}.Release|Any CPU.Build.0 = Release|Any CPU
		{2D219FD9-9CEA-46BC-AEB3-D5CE54B8E057}.Debug|Any CPU.ActiveCfg = Debug|Any CPU
		{2D219FD9-9CEA-46BC-AEB3-D5CE54B8E057}.Debug|Any CPU.Build.0 = Debug|Any CPU
		{2D219FD9-9CEA-46BC-AEB3-D5CE54B8E057}.Release|Any CPU.ActiveCfg = Release|Any CPU
		{2D219FD9-9CEA-46BC-AEB3-D5CE54B8E057}.Release|Any CPU.Build.0 = Release|Any CPU
		{3D8F322E-973B-44B7-9960-DC6460AFA60F}.Debug|Any CPU.ActiveCfg = Debug|Any CPU
		{3D8F322E-973B-44B7-9960-DC6460AFA60F}.Debug|Any CPU.Build.0 = Debug|Any CPU
		{3D8F322E-973B-44B7-9960-DC6460AFA60F}.Release|Any CPU.ActiveCfg = Release|Any CPU
		{3D8F322E-973B-44B7-9960-DC6460AFA60F}.Release|Any CPU.Build.0 = Release|Any CPU
		{DA23C863-CA87-4588-8348-24C0371F8528}.Debug|Any CPU.ActiveCfg = Debug|Any CPU
		{DA23C863-CA87-4588-8348-24C0371F8528}.Debug|Any CPU.Build.0 = Debug|Any CPU
		{DA23C863-CA87-4588-8348-24C0371F8528}.Release|Any CPU.ActiveCfg = Release|Any CPU
		{DA23C863-CA87-4588-8348-24C0371F8528}.Release|Any CPU.Build.0 = Release|Any CPU
		{C755EDB1-5372-420A-BB8D-9C6AFBBA655B}.Debug|Any CPU.ActiveCfg = Debug|Any CPU
		{C755EDB1-5372-420A-BB8D-9C6AFBBA655B}.Debug|Any CPU.Build.0 = Debug|Any CPU
		{C755EDB1-5372-420A-BB8D-9C6AFBBA655B}.Release|Any CPU.ActiveCfg = Release|Any CPU
		{C755EDB1-5372-420A-BB8D-9C6AFBBA655B}.Release|Any CPU.Build.0 = Release|Any CPU
		{90662B86-AB25-4492-9B1D-E77C295AC529}.Debug|Any CPU.ActiveCfg = Debug|Any CPU
		{90662B86-AB25-4492-9B1D-E77C295AC529}.Debug|Any CPU.Build.0 = Debug|Any CPU
		{90662B86-AB25-4492-9B1D-E77C295AC529}.Release|Any CPU.ActiveCfg = Release|Any CPU
		{90662B86-AB25-4492-9B1D-E77C295AC529}.Release|Any CPU.Build.0 = Release|Any CPU
		{A5A785C7-59F8-4120-8811-2BE40B38CC97}.Debug|Any CPU.ActiveCfg = Debug|Any CPU
		{A5A785C7-59F8-4120-8811-2BE40B38CC97}.Debug|Any CPU.Build.0 = Debug|Any CPU
		{A5A785C7-59F8-4120-8811-2BE40B38CC97}.Release|Any CPU.ActiveCfg = Release|Any CPU
		{A5A785C7-59F8-4120-8811-2BE40B38CC97}.Release|Any CPU.Build.0 = Release|Any CPU
		{98412E08-B939-439F-A3E3-7E85441E013D}.Debug|Any CPU.ActiveCfg = Debug|Any CPU
		{98412E08-B939-439F-A3E3-7E85441E013D}.Debug|Any CPU.Build.0 = Debug|Any CPU
		{98412E08-B939-439F-A3E3-7E85441E013D}.Release|Any CPU.ActiveCfg = Release|Any CPU
		{98412E08-B939-439F-A3E3-7E85441E013D}.Release|Any CPU.Build.0 = Release|Any CPU
		{DF1BED9D-8FB5-4ACE-B68A-545E6D681D6E}.Debug|Any CPU.ActiveCfg = Debug|Any CPU
		{DF1BED9D-8FB5-4ACE-B68A-545E6D681D6E}.Debug|Any CPU.Build.0 = Debug|Any CPU
		{DF1BED9D-8FB5-4ACE-B68A-545E6D681D6E}.Release|Any CPU.ActiveCfg = Release|Any CPU
		{DF1BED9D-8FB5-4ACE-B68A-545E6D681D6E}.Release|Any CPU.Build.0 = Release|Any CPU
		{44293659-4DE3-40D8-9089-5D1C1912AAFE}.Debug|Any CPU.ActiveCfg = Debug|Any CPU
		{44293659-4DE3-40D8-9089-5D1C1912AAFE}.Debug|Any CPU.Build.0 = Debug|Any CPU
		{44293659-4DE3-40D8-9089-5D1C1912AAFE}.Release|Any CPU.ActiveCfg = Release|Any CPU
		{44293659-4DE3-40D8-9089-5D1C1912AAFE}.Release|Any CPU.Build.0 = Release|Any CPU
		{97E8F5B0-FB5B-42B4-90B3-67895E979B5E}.Debug|Any CPU.ActiveCfg = Debug|Any CPU
		{97E8F5B0-FB5B-42B4-90B3-67895E979B5E}.Debug|Any CPU.Build.0 = Debug|Any CPU
		{97E8F5B0-FB5B-42B4-90B3-67895E979B5E}.Release|Any CPU.ActiveCfg = Release|Any CPU
		{97E8F5B0-FB5B-42B4-90B3-67895E979B5E}.Release|Any CPU.Build.0 = Release|Any CPU
	EndGlobalSection
	GlobalSection(NestedProjects) = preSolution
		{7CADA5B6-132B-4807-B6AB-D477A74F9ADF} = {B9EC4E2E-90B5-499A-9B77-CE42F0658FC2}
		{7EC9FADE-86F7-41D8-A0B4-B88D875974DB} = {7CADA5B6-132B-4807-B6AB-D477A74F9ADF}
		{78144906-1235-4B47-A9C8-B345F76BE416} = {7CADA5B6-132B-4807-B6AB-D477A74F9ADF}
		{2D219FD9-9CEA-46BC-AEB3-D5CE54B8E057} = {7CADA5B6-132B-4807-B6AB-D477A74F9ADF}
		{604193CC-D70C-4C63-80E2-3ADDA23E23F1} = {B9EC4E2E-90B5-499A-9B77-CE42F0658FC2}
		{3D8F322E-973B-44B7-9960-DC6460AFA60F} = {604193CC-D70C-4C63-80E2-3ADDA23E23F1}
		{DA23C863-CA87-4588-8348-24C0371F8528} = {604193CC-D70C-4C63-80E2-3ADDA23E23F1}
		{E7B6486D-504C-452A-A3DE-87BDD6141C12} = {B9EC4E2E-90B5-499A-9B77-CE42F0658FC2}
		{C755EDB1-5372-420A-BB8D-9C6AFBBA655B} = {E7B6486D-504C-452A-A3DE-87BDD6141C12}
		{52B3B427-D0B7-4E6B-8C59-55FBE900767C} = {45E89D21-7C28-45E5-B7A6-92A5D3957538}
		{A2B4661E-64B6-49A6-9763-20E0B0B128CD} = {45E89D21-7C28-45E5-B7A6-92A5D3957538}
		{90662B86-AB25-4492-9B1D-E77C295AC529} = {A2B4661E-64B6-49A6-9763-20E0B0B128CD}
		{A5A785C7-59F8-4120-8811-2BE40B38CC97} = {A2B4661E-64B6-49A6-9763-20E0B0B128CD}
		{04287BF1-0A00-4D9D-B99F-11A0A582E2DD} = {45E89D21-7C28-45E5-B7A6-92A5D3957538}
		{98412E08-B939-439F-A3E3-7E85441E013D} = {04287BF1-0A00-4D9D-B99F-11A0A582E2DD}
		{DF1BED9D-8FB5-4ACE-B68A-545E6D681D6E} = {04287BF1-0A00-4D9D-B99F-11A0A582E2DD}
		{44293659-4DE3-40D8-9089-5D1C1912AAFE} = {04287BF1-0A00-4D9D-B99F-11A0A582E2DD}
		{97E8F5B0-FB5B-42B4-90B3-67895E979B5E} = {52B3B427-D0B7-4E6B-8C59-55FBE900767C}
	EndGlobalSection
EndGlobal
